
Microsoft Visual Studio Solution File, Format Version 12.00
# Visual Studio Version 17
VisualStudioVersion = 17.0.31903.59
MinimumVisualStudioVersion = 10.0.40219.1
Project("{2150E333-8FDC-42A3-9474-1A3956D46DE8}") = "src", "src", "{827E0CD3-B72D-47B6-A68D-7590B98EB39B}"
EndProject
Project("{2150E333-8FDC-42A3-9474-1A3956D46DE8}") = "JeuDeRole", "JeuDeRole", "{E989829C-CAB8-93D3-10E5-4C2C57BBF975}"
EndProject
Project("{FAE04EC0-301F-11D3-BF4B-00C04F79EFBC}") = "JeuDeRole", "src\JeuDeRole\JeuDeRole\JeuDeRole.csproj", "{8BF9360B-05A6-4E9F-8498-21AA7AF089D0}"
EndProject
Project("{2150E333-8FDC-42A3-9474-1A3956D46DE8}") = "tests", "tests", "{0AB3BF05-4346-4AA6-1389-037BE0695223}"
EndProject
Project("{2150E333-8FDC-42A3-9474-1A3956D46DE8}") = "JeuDeRole.Tests", "JeuDeRole.Tests", "{444A3CBE-3A5F-EBE2-F41B-5F3157611933}"
EndProject
Project("{FAE04EC0-301F-11D3-BF4B-00C04F79EFBC}") = "JeuDeRole.Tests", "tests\JeuDeRole.Tests\JeuDeRole.Tests\JeuDeRole.Tests.csproj", "{883553EF-9A72-4643-AC1F-59A05E1977F1}"
EndProject
Project("{FAE04EC0-301F-11D3-BF4B-00C04F79EFBC}") = "JeuDeRole.Web", "src\JeuDeRole.Web\JeuDeRole.Web.csproj", "{4366EE92-E8A8-444A-95C1-04D8FD4425E0}"
EndProject
Global
	GlobalSection(SolutionConfigurationPlatforms) = preSolution
		Debug|Any CPU = Debug|Any CPU
		Debug|x64 = Debug|x64
		Debug|x86 = Debug|x86
		Release|Any CPU = Release|Any CPU
		Release|x64 = Release|x64
		Release|x86 = Release|x86
	EndGlobalSection
	GlobalSection(ProjectConfigurationPlatforms) = postSolution
		{8BF9360B-05A6-4E9F-8498-21AA7AF089D0}.Debug|Any CPU.ActiveCfg = Debug|Any CPU
		{8BF9360B-05A6-4E9F-8498-21AA7AF089D0}.Debug|Any CPU.Build.0 = Debug|Any CPU
		{8BF9360B-05A6-4E9F-8498-21AA7AF089D0}.Debug|x64.ActiveCfg = Debug|Any CPU
		{8BF9360B-05A6-4E9F-8498-21AA7AF089D0}.Debug|x64.Build.0 = Debug|Any CPU
		{8BF9360B-05A6-4E9F-8498-21AA7AF089D0}.Debug|x86.ActiveCfg = Debug|Any CPU
		{8BF9360B-05A6-4E9F-8498-21AA7AF089D0}.Debug|x86.Build.0 = Debug|Any CPU
		{8BF9360B-05A6-4E9F-8498-21AA7AF089D0}.Release|Any CPU.ActiveCfg = Release|Any CPU
		{8BF9360B-05A6-4E9F-8498-21AA7AF089D0}.Release|Any CPU.Build.0 = Release|Any CPU
		{8BF9360B-05A6-4E9F-8498-21AA7AF089D0}.Release|x64.ActiveCfg = Release|Any CPU
		{8BF9360B-05A6-4E9F-8498-21AA7AF089D0}.Release|x64.Build.0 = Release|Any CPU
		{8BF9360B-05A6-4E9F-8498-21AA7AF089D0}.Release|x86.ActiveCfg = Release|Any CPU
		{8BF9360B-05A6-4E9F-8498-21AA7AF089D0}.Release|x86.Build.0 = Release|Any CPU
		{883553EF-9A72-4643-AC1F-59A05E1977F1}.Debug|Any CPU.ActiveCfg = Debug|Any CPU
		{883553EF-9A72-4643-AC1F-59A05E1977F1}.Debug|Any CPU.Build.0 = Debug|Any CPU
		{883553EF-9A72-4643-AC1F-59A05E1977F1}.Debug|x64.ActiveCfg = Debug|Any CPU
		{883553EF-9A72-4643-AC1F-59A05E1977F1}.Debug|x64.Build.0 = Debug|Any CPU
		{883553EF-9A72-4643-AC1F-59A05E1977F1}.Debug|x86.ActiveCfg = Debug|Any CPU
		{883553EF-9A72-4643-AC1F-59A05E1977F1}.Debug|x86.Build.0 = Debug|Any CPU
		{883553EF-9A72-4643-AC1F-59A05E1977F1}.Release|Any CPU.ActiveCfg = Release|Any CPU
		{883553EF-9A72-4643-AC1F-59A05E1977F1}.Release|Any CPU.Build.0 = Release|Any CPU
		{883553EF-9A72-4643-AC1F-59A05E1977F1}.Release|x64.ActiveCfg = Release|Any CPU
		{883553EF-9A72-4643-AC1F-59A05E1977F1}.Release|x64.Build.0 = Release|Any CPU
		{883553EF-9A72-4643-AC1F-59A05E1977F1}.Release|x86.ActiveCfg = Release|Any CPU
		{883553EF-9A72-4643-AC1F-59A05E1977F1}.Release|x86.Build.0 = Release|Any CPU
		{4366EE92-E8A8-444A-95C1-04D8FD4425E0}.Debug|Any CPU.ActiveCfg = Debug|Any CPU
		{4366EE92-E8A8-444A-95C1-04D8FD4425E0}.Debug|Any CPU.Build.0 = Debug|Any CPU
		{4366EE92-E8A8-444A-95C1-04D8FD4425E0}.Debug|x64.ActiveCfg = Debug|Any CPU
		{4366EE92-E8A8-444A-95C1-04D8FD4425E0}.Debug|x64.Build.0 = Debug|Any CPU
		{4366EE92-E8A8-444A-95C1-04D8FD4425E0}.Debug|x86.ActiveCfg = Debug|Any CPU
		{4366EE92-E8A8-444A-95C1-04D8FD4425E0}.Debug|x86.Build.0 = Debug|Any CPU
		{4366EE92-E8A8-444A-95C1-04D8FD4425E0}.Release|Any CPU.ActiveCfg = Release|Any CPU
		{4366EE92-E8A8-444A-95C1-04D8FD4425E0}.Release|Any CPU.Build.0 = Release|Any CPU
		{4366EE92-E8A8-444A-95C1-04D8FD4425E0}.Release|x64.ActiveCfg = Release|Any CPU
		{4366EE92-E8A8-444A-95C1-04D8FD4425E0}.Release|x64.Build.0 = Release|Any CPU
		{4366EE92-E8A8-444A-95C1-04D8FD4425E0}.Release|x86.ActiveCfg = Release|Any CPU
		{4366EE92-E8A8-444A-95C1-04D8FD4425E0}.Release|x86.Build.0 = Release|Any CPU
	EndGlobalSection
	GlobalSection(SolutionProperties) = preSolution
		HideSolutionNode = FALSE
	EndGlobalSection
	GlobalSection(NestedProjects) = preSolution
		{E989829C-CAB8-93D3-10E5-4C2C57BBF975} = {827E0CD3-B72D-47B6-A68D-7590B98EB39B}
		{8BF9360B-05A6-4E9F-8498-21AA7AF089D0} = {E989829C-CAB8-93D3-10E5-4C2C57BBF975}
		{444A3CBE-3A5F-EBE2-F41B-5F3157611933} = {0AB3BF05-4346-4AA6-1389-037BE0695223}
		{883553EF-9A72-4643-AC1F-59A05E1977F1} = {444A3CBE-3A5F-EBE2-F41B-5F3157611933}
		{4366EE92-E8A8-444A-95C1-04D8FD4425E0} = {827E0CD3-B72D-47B6-A68D-7590B98EB39B}
	EndGlobalSection
EndGlobal
